// !$*UTF8*$!
{
	archiveVersion = 1;
	classes = {
	};
	objectVersion = 56;
	objects = {

/* Begin PBXBuildFile section */
		FD4FEA51291AEB44007D967D /* JsonConverter.swift in Sources */ = {isa = PBXBuildFile; fileRef = FD4FEA50291AEB44007D967D /* JsonConverter.swift */; };
		FD5375F029242BEB00208A30 /* OwnersViewController.storyboard in Resources */ = {isa = PBXBuildFile; fileRef = FD5375EF29242BEB00208A30 /* OwnersViewController.storyboard */; };
		FD978D43290FD667006F2B74 /* OwnerTableViewCell.swift in Sources */ = {isa = PBXBuildFile; fileRef = FD978D42290FD667006F2B74 /* OwnerTableViewCell.swift */; };
		FD978D4529103595006F2B74 /* PetsTableViewCell.swift in Sources */ = {isa = PBXBuildFile; fileRef = FD978D4429103594006F2B74 /* PetsTableViewCell.swift */; };
		FD978D4729103A26006F2B74 /* PetsCollectionViewController.swift in Sources */ = {isa = PBXBuildFile; fileRef = FD978D4629103A26006F2B74 /* PetsCollectionViewController.swift */; };
		FD978D4929103A98006F2B74 /* PetsCollectionViewModel.swift in Sources */ = {isa = PBXBuildFile; fileRef = FD978D4829103A98006F2B74 /* PetsCollectionViewModel.swift */; };
		FD978D4B29104247006F2B74 /* PetCollectionViewCell.swift in Sources */ = {isa = PBXBuildFile; fileRef = FD978D4A29104247006F2B74 /* PetCollectionViewCell.swift */; };
		FDB8DBD6290BF5840025FDDC /* PetsAndOwnersApp.swift in Sources */ = {isa = PBXBuildFile; fileRef = FDB8DBD5290BF5840025FDDC /* PetsAndOwnersApp.swift */; };
		FDB8DBDB290BF5840025FDDC /* PetsAndOwners.xcdatamodeld in Sources */ = {isa = PBXBuildFile; fileRef = FDB8DBD9290BF5840025FDDC /* PetsAndOwners.xcdatamodeld */; };
		FDB8DBDD290BF5840025FDDC /* ContentView.swift in Sources */ = {isa = PBXBuildFile; fileRef = FDB8DBDC290BF5840025FDDC /* ContentView.swift */; };
		FDB8DBDF290BF5850025FDDC /* Assets.xcassets in Resources */ = {isa = PBXBuildFile; fileRef = FDB8DBDE290BF5850025FDDC /* Assets.xcassets */; };
		FDB8DBE3290BF5850025FDDC /* Preview Assets.xcassets in Resources */ = {isa = PBXBuildFile; fileRef = FDB8DBE2290BF5850025FDDC /* Preview Assets.xcassets */; };
		FDB8DBED290BF7620025FDDC /* PetsAndOwners.entitlements in Sources */ = {isa = PBXBuildFile; fileRef = FDB8DBE0290BF5850025FDDC /* PetsAndOwners.entitlements */; };
		FDB8DBEF290BF8110025FDDC /* OwnersViewController.swift in Sources */ = {isa = PBXBuildFile; fileRef = FDB8DBEE290BF8110025FDDC /* OwnersViewController.swift */; };
		FDB8DBF1290BF83A0025FDDC /* OwnersViewModel.swift in Sources */ = {isa = PBXBuildFile; fileRef = FDB8DBF0290BF83A0025FDDC /* OwnersViewModel.swift */; };
		FDB8DBF5290BFA4F0025FDDC /* OwnersDataServices.swift in Sources */ = {isa = PBXBuildFile; fileRef = FDB8DBF4290BFA4F0025FDDC /* OwnersDataServices.swift */; };
		FDB8DBFB290C00C90025FDDC /* Pet.swift in Sources */ = {isa = PBXBuildFile; fileRef = FDB8DBFA290C00C90025FDDC /* Pet.swift */; };
		FDB8DBFD290C016B0025FDDC /* OwnerDetailViewModel.swift in Sources */ = {isa = PBXBuildFile; fileRef = FDB8DBFC290C016B0025FDDC /* OwnerDetailViewModel.swift */; };
		FDB8DBFF290C0B1C0025FDDC /* AddNewOwnerViewController.swift in Sources */ = {isa = PBXBuildFile; fileRef = FDB8DBFE290C0B1C0025FDDC /* AddNewOwnerViewController.swift */; };
		FDB8DC01290C0CF80025FDDC /* AddNewOwnerViewModel.swift in Sources */ = {isa = PBXBuildFile; fileRef = FDB8DC00290C0CF80025FDDC /* AddNewOwnerViewModel.swift */; };
		FDB8DC03290C163B0025FDDC /* AddNewOwnerTableViewCell.swift in Sources */ = {isa = PBXBuildFile; fileRef = FDB8DC02290C163B0025FDDC /* AddNewOwnerTableViewCell.swift */; };
		FDB8DC07290C3AFA0025FDDC /* AlertController.swift in Sources */ = {isa = PBXBuildFile; fileRef = FDB8DC06290C3AFA0025FDDC /* AlertController.swift */; };
		FDB8DC09290C46820025FDDC /* OwnerDetailViewController.swift in Sources */ = {isa = PBXBuildFile; fileRef = FDB8DC08290C46820025FDDC /* OwnerDetailViewController.swift */; };
/* End PBXBuildFile section */

/* Begin PBXFileReference section */
		FD4FEA50291AEB44007D967D /* JsonConverter.swift */ = {isa = PBXFileReference; lastKnownFileType = sourcecode.swift; path = JsonConverter.swift; sourceTree = "<group>"; };
		FD5375EF29242BEB00208A30 /* OwnersViewController.storyboard */ = {isa = PBXFileReference; fileEncoding = 4; lastKnownFileType = file.storyboard; name = OwnersViewController.storyboard; path = PetsAndOwners/View/OwnersViewController.storyboard; sourceTree = SOURCE_ROOT; };
		FD978D42290FD667006F2B74 /* OwnerTableViewCell.swift */ = {isa = PBXFileReference; lastKnownFileType = sourcecode.swift; path = OwnerTableViewCell.swift; sourceTree = "<group>"; };
		FD978D4429103594006F2B74 /* PetsTableViewCell.swift */ = {isa = PBXFileReference; lastKnownFileType = sourcecode.swift; path = PetsTableViewCell.swift; sourceTree = "<group>"; };
		FD978D4629103A26006F2B74 /* PetsCollectionViewController.swift */ = {isa = PBXFileReference; lastKnownFileType = sourcecode.swift; path = PetsCollectionViewController.swift; sourceTree = "<group>"; };
		FD978D4829103A98006F2B74 /* PetsCollectionViewModel.swift */ = {isa = PBXFileReference; lastKnownFileType = sourcecode.swift; path = PetsCollectionViewModel.swift; sourceTree = "<group>"; };
		FD978D4A29104247006F2B74 /* PetCollectionViewCell.swift */ = {isa = PBXFileReference; lastKnownFileType = sourcecode.swift; path = PetCollectionViewCell.swift; sourceTree = "<group>"; };
		FDB8DBD2290BF5840025FDDC /* PetsAndOwners.app */ = {isa = PBXFileReference; explicitFileType = wrapper.application; includeInIndex = 0; path = PetsAndOwners.app; sourceTree = BUILT_PRODUCTS_DIR; };
		FDB8DBD5290BF5840025FDDC /* PetsAndOwnersApp.swift */ = {isa = PBXFileReference; lastKnownFileType = sourcecode.swift; path = PetsAndOwnersApp.swift; sourceTree = "<group>"; };
		FDB8DBDA290BF5840025FDDC /* PetsAndOwners.xcdatamodel */ = {isa = PBXFileReference; lastKnownFileType = wrapper.xcdatamodel; path = PetsAndOwners.xcdatamodel; sourceTree = "<group>"; };
		FDB8DBDC290BF5840025FDDC /* ContentView.swift */ = {isa = PBXFileReference; lastKnownFileType = sourcecode.swift; path = ContentView.swift; sourceTree = "<group>"; };
		FDB8DBDE290BF5850025FDDC /* Assets.xcassets */ = {isa = PBXFileReference; lastKnownFileType = folder.assetcatalog; path = Assets.xcassets; sourceTree = "<group>"; };
		FDB8DBE0290BF5850025FDDC /* PetsAndOwners.entitlements */ = {isa = PBXFileReference; lastKnownFileType = text.plist.entitlements; path = PetsAndOwners.entitlements; sourceTree = "<group>"; };
		FDB8DBE2290BF5850025FDDC /* Preview Assets.xcassets */ = {isa = PBXFileReference; lastKnownFileType = folder.assetcatalog; path = "Preview Assets.xcassets"; sourceTree = "<group>"; };
		FDB8DBEE290BF8110025FDDC /* OwnersViewController.swift */ = {isa = PBXFileReference; lastKnownFileType = sourcecode.swift; path = OwnersViewController.swift; sourceTree = "<group>"; };
		FDB8DBF0290BF83A0025FDDC /* OwnersViewModel.swift */ = {isa = PBXFileReference; lastKnownFileType = sourcecode.swift; path = OwnersViewModel.swift; sourceTree = "<group>"; };
		FDB8DBF4290BFA4F0025FDDC /* OwnersDataServices.swift */ = {isa = PBXFileReference; lastKnownFileType = sourcecode.swift; path = OwnersDataServices.swift; sourceTree = "<group>"; };
		FDB8DBFA290C00C90025FDDC /* Pet.swift */ = {isa = PBXFileReference; lastKnownFileType = sourcecode.swift; path = Pet.swift; sourceTree = "<group>"; };
		FDB8DBFC290C016B0025FDDC /* OwnerDetailViewModel.swift */ = {isa = PBXFileReference; lastKnownFileType = sourcecode.swift; path = OwnerDetailViewModel.swift; sourceTree = "<group>"; };
		FDB8DBFE290C0B1C0025FDDC /* AddNewOwnerViewController.swift */ = {isa = PBXFileReference; lastKnownFileType = sourcecode.swift; path = AddNewOwnerViewController.swift; sourceTree = "<group>"; };
		FDB8DC00290C0CF80025FDDC /* AddNewOwnerViewModel.swift */ = {isa = PBXFileReference; lastKnownFileType = sourcecode.swift; path = AddNewOwnerViewModel.swift; sourceTree = "<group>"; };
		FDB8DC02290C163B0025FDDC /* AddNewOwnerTableViewCell.swift */ = {isa = PBXFileReference; lastKnownFileType = sourcecode.swift; path = AddNewOwnerTableViewCell.swift; sourceTree = "<group>"; };
		FDB8DC06290C3AFA0025FDDC /* AlertController.swift */ = {isa = PBXFileReference; lastKnownFileType = sourcecode.swift; path = AlertController.swift; sourceTree = "<group>"; };
		FDB8DC08290C46820025FDDC /* OwnerDetailViewController.swift */ = {isa = PBXFileReference; lastKnownFileType = sourcecode.swift; path = OwnerDetailViewController.swift; sourceTree = "<group>"; };
/* End PBXFileReference section */

/* Begin PBXFrameworksBuildPhase section */
		FDB8DBCF290BF5840025FDDC /* Frameworks */ = {
			isa = PBXFrameworksBuildPhase;
			buildActionMask = 2147483647;
			files = (
			);
			runOnlyForDeploymentPostprocessing = 0;
		};
/* End PBXFrameworksBuildPhase section */

/* Begin PBXGroup section */
		FDB8DBC9290BF5840025FDDC = {
			isa = PBXGroup;
			children = (
				FDB8DBD4290BF5840025FDDC /* PetsAndOwners */,
				FDB8DBD3290BF5840025FDDC /* Products */,
			);
			sourceTree = "<group>";
		};
		FDB8DBD3290BF5840025FDDC /* Products */ = {
			isa = PBXGroup;
			children = (
				FDB8DBD2290BF5840025FDDC /* PetsAndOwners.app */,
			);
			name = Products;
			sourceTree = "<group>";
		};
		FDB8DBD4290BF5840025FDDC /* PetsAndOwners */ = {
			isa = PBXGroup;
			children = (
				FDB8DBEB290BF5CC0025FDDC /* ViewModel */,
				FDB8DBEA290BF5BE0025FDDC /* View */,
				FDB8DBE9290BF5B30025FDDC /* Model */,
				FDB8DBD5290BF5840025FDDC /* PetsAndOwnersApp.swift */,
				FDB8DBDC290BF5840025FDDC /* ContentView.swift */,
				FDB8DBE0290BF5850025FDDC /* PetsAndOwners.entitlements */,
				FDB8DBDE290BF5850025FDDC /* Assets.xcassets */,
				FDB8DBE1290BF5850025FDDC /* Preview Content */,
			);
			path = PetsAndOwners;
			sourceTree = "<group>";
		};
		FDB8DBE1290BF5850025FDDC /* Preview Content */ = {
			isa = PBXGroup;
			children = (
				FDB8DBE2290BF5850025FDDC /* Preview Assets.xcassets */,
			);
			path = "Preview Content";
			sourceTree = "<group>";
		};
		FDB8DBE9290BF5B30025FDDC /* Model */ = {
			isa = PBXGroup;
			children = (
				FDB8DBD9290BF5840025FDDC /* PetsAndOwners.xcdatamodeld */,
				FDB8DBF4290BFA4F0025FDDC /* OwnersDataServices.swift */,
				FDB8DBFA290C00C90025FDDC /* Pet.swift */,
				FD4FEA50291AEB44007D967D /* JsonConverter.swift */,
			);
			path = Model;
			sourceTree = "<group>";
		};
		FDB8DBEA290BF5BE0025FDDC /* View */ = {
			isa = PBXGroup;
			children = (
				FDB8DC05290C3AE30025FDDC /* Helpers */,
				FDB8DC04290C1B5A0025FDDC /* Cells */,
				FDB8DBEE290BF8110025FDDC /* OwnersViewController.swift */,
				FDB8DBFE290C0B1C0025FDDC /* AddNewOwnerViewController.swift */,
				FDB8DC08290C46820025FDDC /* OwnerDetailViewController.swift */,
				FD978D4629103A26006F2B74 /* PetsCollectionViewController.swift */,
			);
			path = View;
			sourceTree = "<group>";
		};
		FDB8DBEB290BF5CC0025FDDC /* ViewModel */ = {
			isa = PBXGroup;
			children = (
				FDB8DBF0290BF83A0025FDDC /* OwnersViewModel.swift */,
				FDB8DBFC290C016B0025FDDC /* OwnerDetailViewModel.swift */,
				FDB8DC00290C0CF80025FDDC /* AddNewOwnerViewModel.swift */,
				FD978D4829103A98006F2B74 /* PetsCollectionViewModel.swift */,
			);
			path = ViewModel;
			sourceTree = "<group>";
		};
		FDB8DC04290C1B5A0025FDDC /* Cells */ = {
			isa = PBXGroup;
			children = (
				FD5375EF29242BEB00208A30 /* OwnersViewController.storyboard */,
				FDB8DC02290C163B0025FDDC /* AddNewOwnerTableViewCell.swift */,
				FD978D42290FD667006F2B74 /* OwnerTableViewCell.swift */,
				FD978D4429103594006F2B74 /* PetsTableViewCell.swift */,
				FD978D4A29104247006F2B74 /* PetCollectionViewCell.swift */,
			);
			path = Cells;
			sourceTree = "<group>";
		};
		FDB8DC05290C3AE30025FDDC /* Helpers */ = {
			isa = PBXGroup;
			children = (
				FDB8DC06290C3AFA0025FDDC /* AlertController.swift */,
			);
			path = Helpers;
			sourceTree = "<group>";
		};
/* End PBXGroup section */

/* Begin PBXNativeTarget section */
		FDB8DBD1290BF5840025FDDC /* PetsAndOwners */ = {
			isa = PBXNativeTarget;
			buildConfigurationList = FDB8DBE6290BF5850025FDDC /* Build configuration list for PBXNativeTarget "PetsAndOwners" */;
			buildPhases = (
				FDB8DBCE290BF5840025FDDC /* Sources */,
				FDB8DBCF290BF5840025FDDC /* Frameworks */,
				FDB8DBD0290BF5840025FDDC /* Resources */,
			);
			buildRules = (
			);
			dependencies = (
			);
			name = PetsAndOwners;
			productName = PetsAndOwners;
			productReference = FDB8DBD2290BF5840025FDDC /* PetsAndOwners.app */;
			productType = "com.apple.product-type.application";
		};
/* End PBXNativeTarget section */

/* Begin PBXProject section */
		FDB8DBCA290BF5840025FDDC /* Project object */ = {
			isa = PBXProject;
			attributes = {
				BuildIndependentTargetsInParallel = 1;
				LastSwiftUpdateCheck = 1400;
				LastUpgradeCheck = 1400;
				TargetAttributes = {
					FDB8DBD1290BF5840025FDDC = {
						CreatedOnToolsVersion = 14.0.1;
					};
				};
			};
			buildConfigurationList = FDB8DBCD290BF5840025FDDC /* Build configuration list for PBXProject "PetsAndOwners" */;
			compatibilityVersion = "Xcode 14.0";
			developmentRegion = en;
			hasScannedForEncodings = 0;
			knownRegions = (
				en,
				Base,
			);
			mainGroup = FDB8DBC9290BF5840025FDDC;
			productRefGroup = FDB8DBD3290BF5840025FDDC /* Products */;
			projectDirPath = "";
			projectRoot = "";
			targets = (
				FDB8DBD1290BF5840025FDDC /* PetsAndOwners */,
			);
		};
/* End PBXProject section */

/* Begin PBXResourcesBuildPhase section */
		FDB8DBD0290BF5840025FDDC /* Resources */ = {
			isa = PBXResourcesBuildPhase;
			buildActionMask = 2147483647;
			files = (
				FDB8DBE3290BF5850025FDDC /* Preview Assets.xcassets in Resources */,
				FD5375F029242BEB00208A30 /* OwnersViewController.storyboard in Resources */,
				FDB8DBDF290BF5850025FDDC /* Assets.xcassets in Resources */,
			);
			runOnlyForDeploymentPostprocessing = 0;
		};
/* End PBXResourcesBuildPhase section */

/* Begin PBXSourcesBuildPhase section */
		FDB8DBCE290BF5840025FDDC /* Sources */ = {
			isa = PBXSourcesBuildPhase;
			buildActionMask = 2147483647;
			files = (
				FDB8DBFF290C0B1C0025FDDC /* AddNewOwnerViewController.swift in Sources */,
				FD978D4929103A98006F2B74 /* PetsCollectionViewModel.swift in Sources */,
				FD978D43290FD667006F2B74 /* OwnerTableViewCell.swift in Sources */,
				FDB8DBED290BF7620025FDDC /* PetsAndOwners.entitlements in Sources */,
				FDB8DBDB290BF5840025FDDC /* PetsAndOwners.xcdatamodeld in Sources */,
				FDB8DC01290C0CF80025FDDC /* AddNewOwnerViewModel.swift in Sources */,
				FD978D4B29104247006F2B74 /* PetCollectionViewCell.swift in Sources */,
				FDB8DBD6290BF5840025FDDC /* PetsAndOwnersApp.swift in Sources */,
				FDB8DBFB290C00C90025FDDC /* Pet.swift in Sources */,
				FD978D4529103595006F2B74 /* PetsTableViewCell.swift in Sources */,
				FDB8DBDD290BF5840025FDDC /* ContentView.swift in Sources */,
				FDB8DBF1290BF83A0025FDDC /* OwnersViewModel.swift in Sources */,
				FDB8DBEF290BF8110025FDDC /* OwnersViewController.swift in Sources */,
				FDB8DC07290C3AFA0025FDDC /* AlertController.swift in Sources */,
				FD978D4729103A26006F2B74 /* PetsCollectionViewController.swift in Sources */,
				FDB8DC09290C46820025FDDC /* OwnerDetailViewController.swift in Sources */,
				FD4FEA51291AEB44007D967D /* JsonConverter.swift in Sources */,
				FDB8DC03290C163B0025FDDC /* AddNewOwnerTableViewCell.swift in Sources */,
				FDB8DBFD290C016B0025FDDC /* OwnerDetailViewModel.swift in Sources */,
				FDB8DBF5290BFA4F0025FDDC /* OwnersDataServices.swift in Sources */,
			);
			runOnlyForDeploymentPostprocessing = 0;
		};
/* End PBXSourcesBuildPhase section */

/* Begin XCBuildConfiguration section */
		FDB8DBE4290BF5850025FDDC /* Debug */ = {
			isa = XCBuildConfiguration;
			buildSettings = {
				ALWAYS_SEARCH_USER_PATHS = NO;
				CLANG_ANALYZER_NONNULL = YES;
				CLANG_ANALYZER_NUMBER_OBJECT_CONVERSION = YES_AGGRESSIVE;
				CLANG_CXX_LANGUAGE_STANDARD = "gnu++20";
				CLANG_ENABLE_MODULES = YES;
				CLANG_ENABLE_OBJC_ARC = YES;
				CLANG_ENABLE_OBJC_WEAK = YES;
				CLANG_WARN_BLOCK_CAPTURE_AUTORELEASING = YES;
				CLANG_WARN_BOOL_CONVERSION = YES;
				CLANG_WARN_COMMA = YES;
				CLANG_WARN_CONSTANT_CONVERSION = YES;
				CLANG_WARN_DEPRECATED_OBJC_IMPLEMENTATIONS = YES;
				CLANG_WARN_DIRECT_OBJC_ISA_USAGE = YES_ERROR;
				CLANG_WARN_DOCUMENTATION_COMMENTS = YES;
				CLANG_WARN_EMPTY_BODY = YES;
				CLANG_WARN_ENUM_CONVERSION = YES;
				CLANG_WARN_INFINITE_RECURSION = YES;
				CLANG_WARN_INT_CONVERSION = YES;
				CLANG_WARN_NON_LITERAL_NULL_CONVERSION = YES;
				CLANG_WARN_OBJC_IMPLICIT_RETAIN_SELF = YES;
				CLANG_WARN_OBJC_LITERAL_CONVERSION = YES;
				CLANG_WARN_OBJC_ROOT_CLASS = YES_ERROR;
				CLANG_WARN_QUOTED_INCLUDE_IN_FRAMEWORK_HEADER = YES;
				CLANG_WARN_RANGE_LOOP_ANALYSIS = YES;
				CLANG_WARN_STRICT_PROTOTYPES = YES;
				CLANG_WARN_SUSPICIOUS_MOVE = YES;
				CLANG_WARN_UNGUARDED_AVAILABILITY = YES_AGGRESSIVE;
				CLANG_WARN_UNREACHABLE_CODE = YES;
				CLANG_WARN__DUPLICATE_METHOD_MATCH = YES;
				COPY_PHASE_STRIP = NO;
				DEBUG_INFORMATION_FORMAT = dwarf;
				ENABLE_STRICT_OBJC_MSGSEND = YES;
				ENABLE_TESTABILITY = YES;
				GCC_C_LANGUAGE_STANDARD = gnu11;
				GCC_DYNAMIC_NO_PIC = NO;
				GCC_NO_COMMON_BLOCKS = YES;
				GCC_OPTIMIZATION_LEVEL = 0;
				GCC_PREPROCESSOR_DEFINITIONS = (
					"DEBUG=1",
					"$(inherited)",
				);
				GCC_WARN_64_TO_32_BIT_CONVERSION = YES;
				GCC_WARN_ABOUT_RETURN_TYPE = YES_ERROR;
				GCC_WARN_UNDECLARED_SELECTOR = YES;
				GCC_WARN_UNINITIALIZED_AUTOS = YES_AGGRESSIVE;
				GCC_WARN_UNUSED_FUNCTION = YES;
				GCC_WARN_UNUSED_VARIABLE = YES;
				MTL_ENABLE_DEBUG_INFO = INCLUDE_SOURCE;
				MTL_FAST_MATH = YES;
				ONLY_ACTIVE_ARCH = YES;
				SWIFT_ACTIVE_COMPILATION_CONDITIONS = DEBUG;
				SWIFT_OPTIMIZATION_LEVEL = "-Onone";
			};
			name = Debug;
		};
		FDB8DBE5290BF5850025FDDC /* Release */ = {
			isa = XCBuildConfiguration;
			buildSettings = {
				ALWAYS_SEARCH_USER_PATHS = NO;
				CLANG_ANALYZER_NONNULL = YES;
				CLANG_ANALYZER_NUMBER_OBJECT_CONVERSION = YES_AGGRESSIVE;
				CLANG_CXX_LANGUAGE_STANDARD = "gnu++20";
				CLANG_ENABLE_MODULES = YES;
				CLANG_ENABLE_OBJC_ARC = YES;
				CLANG_ENABLE_OBJC_WEAK = YES;
				CLANG_WARN_BLOCK_CAPTURE_AUTORELEASING = YES;
				CLANG_WARN_BOOL_CONVERSION = YES;
				CLANG_WARN_COMMA = YES;
				CLANG_WARN_CONSTANT_CONVERSION = YES;
				CLANG_WARN_DEPRECATED_OBJC_IMPLEMENTATIONS = YES;
				CLANG_WARN_DIRECT_OBJC_ISA_USAGE = YES_ERROR;
				CLANG_WARN_DOCUMENTATION_COMMENTS = YES;
				CLANG_WARN_EMPTY_BODY = YES;
				CLANG_WARN_ENUM_CONVERSION = YES;
				CLANG_WARN_INFINITE_RECURSION = YES;
				CLANG_WARN_INT_CONVERSION = YES;
				CLANG_WARN_NON_LITERAL_NULL_CONVERSION = YES;
				CLANG_WARN_OBJC_IMPLICIT_RETAIN_SELF = YES;
				CLANG_WARN_OBJC_LITERAL_CONVERSION = YES;
				CLANG_WARN_OBJC_ROOT_CLASS = YES_ERROR;
				CLANG_WARN_QUOTED_INCLUDE_IN_FRAMEWORK_HEADER = YES;
				CLANG_WARN_RANGE_LOOP_ANALYSIS = YES;
				CLANG_WARN_STRICT_PROTOTYPES = YES;
				CLANG_WARN_SUSPICIOUS_MOVE = YES;
				CLANG_WARN_UNGUARDED_AVAILABILITY = YES_AGGRESSIVE;
				CLANG_WARN_UNREACHABLE_CODE = YES;
				CLANG_WARN__DUPLICATE_METHOD_MATCH = YES;
				COPY_PHASE_STRIP = NO;
				DEBUG_INFORMATION_FORMAT = "dwarf-with-dsym";
				ENABLE_NS_ASSERTIONS = NO;
				ENABLE_STRICT_OBJC_MSGSEND = YES;
				GCC_C_LANGUAGE_STANDARD = gnu11;
				GCC_NO_COMMON_BLOCKS = YES;
				GCC_WARN_64_TO_32_BIT_CONVERSION = YES;
				GCC_WARN_ABOUT_RETURN_TYPE = YES_ERROR;
				GCC_WARN_UNDECLARED_SELECTOR = YES;
				GCC_WARN_UNINITIALIZED_AUTOS = YES_AGGRESSIVE;
				GCC_WARN_UNUSED_FUNCTION = YES;
				GCC_WARN_UNUSED_VARIABLE = YES;
				MTL_ENABLE_DEBUG_INFO = NO;
				MTL_FAST_MATH = YES;
				SWIFT_COMPILATION_MODE = wholemodule;
				SWIFT_OPTIMIZATION_LEVEL = "-O";
			};
			name = Release;
		};
		FDB8DBE7290BF5850025FDDC /* Debug */ = {
			isa = XCBuildConfiguration;
			buildSettings = {
				ASSETCATALOG_COMPILER_APPICON_NAME = AppIcon;
				ASSETCATALOG_COMPILER_GLOBAL_ACCENT_COLOR_NAME = AccentColor;
				CODE_SIGN_ENTITLEMENTS = PetsAndOwners/PetsAndOwners.entitlements;
				CODE_SIGN_STYLE = Automatic;
				CURRENT_PROJECT_VERSION = 1;
				DEVELOPMENT_ASSET_PATHS = "\"PetsAndOwners/Preview Content\"";
				ENABLE_PREVIEWS = YES;
				GENERATE_INFOPLIST_FILE = YES;
				"INFOPLIST_KEY_UIApplicationSceneManifest_Generation[sdk=iphoneos*]" = YES;
				"INFOPLIST_KEY_UIApplicationSceneManifest_Generation[sdk=iphonesimulator*]" = YES;
				"INFOPLIST_KEY_UIApplicationSupportsIndirectInputEvents[sdk=iphoneos*]" = YES;
				"INFOPLIST_KEY_UIApplicationSupportsIndirectInputEvents[sdk=iphonesimulator*]" = YES;
				"INFOPLIST_KEY_UILaunchScreen_Generation[sdk=iphoneos*]" = YES;
				"INFOPLIST_KEY_UILaunchScreen_Generation[sdk=iphonesimulator*]" = YES;
				"INFOPLIST_KEY_UIStatusBarStyle[sdk=iphoneos*]" = UIStatusBarStyleDefault;
				"INFOPLIST_KEY_UIStatusBarStyle[sdk=iphonesimulator*]" = UIStatusBarStyleDefault;
				INFOPLIST_KEY_UISupportedInterfaceOrientations_iPad = "UIInterfaceOrientationPortrait UIInterfaceOrientationPortraitUpsideDown UIInterfaceOrientationLandscapeLeft UIInterfaceOrientationLandscapeRight";
				INFOPLIST_KEY_UISupportedInterfaceOrientations_iPhone = "UIInterfaceOrientationPortrait UIInterfaceOrientationLandscapeLeft UIInterfaceOrientationLandscapeRight";
				IPHONEOS_DEPLOYMENT_TARGET = 16.0;
				LD_RUNPATH_SEARCH_PATHS = "@executable_path/Frameworks";
				"LD_RUNPATH_SEARCH_PATHS[sdk=macosx*]" = "@executable_path/../Frameworks";
				MACOSX_DEPLOYMENT_TARGET = 12.3;
				MARKETING_VERSION = 1.0;
				PRODUCT_BUNDLE_IDENTIFIER = xyz.PetsAndOwners;
				PRODUCT_NAME = "$(TARGET_NAME)";
				SDKROOT = auto;
				SUPPORTED_PLATFORMS = "iphoneos iphonesimulator";
				SUPPORTS_MACCATALYST = NO;
				SUPPORTS_MAC_DESIGNED_FOR_IPHONE_IPAD = NO;
				SWIFT_EMIT_LOC_STRINGS = YES;
				SWIFT_VERSION = 5.0;
				TARGETED_DEVICE_FAMILY = "1,2";
			};
			name = Debug;
		};
		FDB8DBE8290BF5850025FDDC /* Release */ = {
			isa = XCBuildConfiguration;
			buildSettings = {
				ASSETCATALOG_COMPILER_APPICON_NAME = AppIcon;
				ASSETCATALOG_COMPILER_GLOBAL_ACCENT_COLOR_NAME = AccentColor;
				CODE_SIGN_ENTITLEMENTS = PetsAndOwners/PetsAndOwners.entitlements;
				CODE_SIGN_STYLE = Automatic;
				CURRENT_PROJECT_VERSION = 1;
				DEVELOPMENT_ASSET_PATHS = "\"PetsAndOwners/Preview Content\"";
				ENABLE_PREVIEWS = YES;
				GENERATE_INFOPLIST_FILE = YES;
				"INFOPLIST_KEY_UIApplicationSceneManifest_Generation[sdk=iphoneos*]" = YES;
				"INFOPLIST_KEY_UIApplicationSceneManifest_Generation[sdk=iphonesimulator*]" = YES;
				"INFOPLIST_KEY_UIApplicationSupportsIndirectInputEvents[sdk=iphoneos*]" = YES;
				"INFOPLIST_KEY_UIApplicationSupportsIndirectInputEvents[sdk=iphonesimulator*]" = YES;
				"INFOPLIST_KEY_UILaunchScreen_Generation[sdk=iphoneos*]" = YES;
				"INFOPLIST_KEY_UILaunchScreen_Generation[sdk=iphonesimulator*]" = YES;
				"INFOPLIST_KEY_UIStatusBarStyle[sdk=iphoneos*]" = UIStatusBarStyleDefault;
				"INFOPLIST_KEY_UIStatusBarStyle[sdk=iphonesimulator*]" = UIStatusBarStyleDefault;
				INFOPLIST_KEY_UISupportedInterfaceOrientations_iPad = "UIInterfaceOrientationPortrait UIInterfaceOrientationPortraitUpsideDown UIInterfaceOrientationLandscapeLeft UIInterfaceOrientationLandscapeRight";
				INFOPLIST_KEY_UISupportedInterfaceOrientations_iPhone = "UIInterfaceOrientationPortrait UIInterfaceOrientationLandscapeLeft UIInterfaceOrientationLandscapeRight";
				IPHONEOS_DEPLOYMENT_TARGET = 16.0;
				LD_RUNPATH_SEARCH_PATHS = "@executable_path/Frameworks";
				"LD_RUNPATH_SEARCH_PATHS[sdk=macosx*]" = "@executable_path/../Frameworks";
				MACOSX_DEPLOYMENT_TARGET = 12.3;
				MARKETING_VERSION = 1.0;
				PRODUCT_BUNDLE_IDENTIFIER = xyz.PetsAndOwners;
				PRODUCT_NAME = "$(TARGET_NAME)";
				SDKROOT = auto;
				SUPPORTED_PLATFORMS = "iphoneos iphonesimulator";
				SUPPORTS_MACCATALYST = NO;
				SUPPORTS_MAC_DESIGNED_FOR_IPHONE_IPAD = NO;
				SWIFT_EMIT_LOC_STRINGS = YES;
				SWIFT_VERSION = 5.0;
				TARGETED_DEVICE_FAMILY = "1,2";
			};
			name = Release;
		};
/* End XCBuildConfiguration section */

/* Begin XCConfigurationList section */
		FDB8DBCD290BF5840025FDDC /* Build configuration list for PBXProject "PetsAndOwners" */ = {
			isa = XCConfigurationList;
			buildConfigurations = (
				FDB8DBE4290BF5850025FDDC /* Debug */,
				FDB8DBE5290BF5850025FDDC /* Release */,
			);
			defaultConfigurationIsVisible = 0;
			defaultConfigurationName = Release;
		};
		FDB8DBE6290BF5850025FDDC /* Build configuration list for PBXNativeTarget "PetsAndOwners" */ = {
			isa = XCConfigurationList;
			buildConfigurations = (
				FDB8DBE7290BF5850025FDDC /* Debug */,
				FDB8DBE8290BF5850025FDDC /* Release */,
			);
			defaultConfigurationIsVisible = 0;
			defaultConfigurationName = Release;
		};
/* End XCConfigurationList section */

/* Begin XCVersionGroup section */
		FDB8DBD9290BF5840025FDDC /* PetsAndOwners.xcdatamodeld */ = {
			isa = XCVersionGroup;
			children = (
				FDB8DBDA290BF5840025FDDC /* PetsAndOwners.xcdatamodel */,
			);
			currentVersion = FDB8DBDA290BF5840025FDDC /* PetsAndOwners.xcdatamodel */;
			path = PetsAndOwners.xcdatamodeld;
			sourceTree = "<group>";
			versionGroupType = wrapper.xcdatamodel;
		};
/* End XCVersionGroup section */
	};
	rootObject = FDB8DBCA290BF5840025FDDC /* Project object */;
}
